{
  "name": "KeywordsBackend",
  "lockfileVersion": 3,
  "requires": true,
  "packages": {
    "": {
      "dependencies": {
        "ssml-builder": "^0.4.3"
      }
    },
    "node_modules/ssml-builder": {
      "version": "0.4.3",
      "resolved": "https://registry.npmjs.org/ssml-builder/-/ssml-builder-0.4.3.tgz",
      "integrity": "sha512-uS5HnUKVBbHeESYPtaTsTZ0IaLbKzStGs+3aRLmnpJd0IvRy0rKrl9g9cq7PA58mSYeusfDmXZsz0aBat+F3bA=="
    }
  }
}
